
Microsoft Visual Studio Solution File, Format Version 12.00
# Visual Studio Version 17
VisualStudioVersion = 17.0.31903.59
MinimumVisualStudioVersion = 10.0.40219.1
Project("{2150E333-8FDC-42A3-9474-1A3956D46DE8}") = "src", "src", "{827E0CD3-B72D-47B6-A68D-7590B98EB39B}"
EndProject
Project("{FAE04EC0-301F-11D3-BF4B-00C04F79EFBC}") = "UrlShortener.Core", "src\UrlShortener.Core\UrlShortener.Core.csproj", "{5C6FB54E-ED06-4727-8C57-875EC747E1A5}"
EndProject
Project("{FAE04EC0-301F-11D3-BF4B-00C04F79EFBC}") = "UrlShortener.Application", "src\UrlShortener.Application\UrlShortener.Application.csproj", "{3ED0E7D4-AA4E-4CF0-8F8D-A59E3CC08EC9}"
EndProject
Project("{FAE04EC0-301F-11D3-BF4B-00C04F79EFBC}") = "UrlShortener.Infrastructure", "src\UrlShortener.Infrastructure\UrlShortener.Infrastructure.csproj", "{195FD873-34F4-4D80-9360-7D6A6C2BB69D}"
EndProject
Project("{FAE04EC0-301F-11D3-BF4B-00C04F79EFBC}") = "UrlShortener.Api", "src\UrlShortener.Api\UrlShortener.Api.csproj", "{A17AD151-16CF-416E-9135-5130C8AA57F9}"
EndProject
Project("{2150E333-8FDC-42A3-9474-1A3956D46DE8}") = "tests", "tests", "{0AB3BF05-4346-4AA6-1389-037BE0695223}"
EndProject
Project("{FAE04EC0-301F-11D3-BF4B-00C04F79EFBC}") = "UrlShortener.Tests", "tests\UrlShortener.Tests\UrlShortener.Tests.csproj", "{80B8A9E7-9B12-4CEA-8139-FD91A1815396}"
EndProject
Project("{FAE04EC0-301F-11D3-BF4B-00C04F79EFBC}") = "UrlShortener.Agents", "src\UrlShortener.Agents\UrlShortener.Agents.csproj", "{9B5E32F7-22EE-4CCA-A52B-5B2A2F278D3D}"
EndProject
Global
	GlobalSection(SolutionConfigurationPlatforms) = preSolution
		Debug|Any CPU = Debug|Any CPU
		Debug|x64 = Debug|x64
		Debug|x86 = Debug|x86
		Release|Any CPU = Release|Any CPU
		Release|x64 = Release|x64
		Release|x86 = Release|x86
	EndGlobalSection
	GlobalSection(ProjectConfigurationPlatforms) = postSolution
		{5C6FB54E-ED06-4727-8C57-875EC747E1A5}.Debug|Any CPU.ActiveCfg = Debug|Any CPU
		{5C6FB54E-ED06-4727-8C57-875EC747E1A5}.Debug|Any CPU.Build.0 = Debug|Any CPU
		{5C6FB54E-ED06-4727-8C57-875EC747E1A5}.Debug|x64.ActiveCfg = Debug|Any CPU
		{5C6FB54E-ED06-4727-8C57-875EC747E1A5}.Debug|x64.Build.0 = Debug|Any CPU
		{5C6FB54E-ED06-4727-8C57-875EC747E1A5}.Debug|x86.ActiveCfg = Debug|Any CPU
		{5C6FB54E-ED06-4727-8C57-875EC747E1A5}.Debug|x86.Build.0 = Debug|Any CPU
		{5C6FB54E-ED06-4727-8C57-875EC747E1A5}.Release|Any CPU.ActiveCfg = Release|Any CPU
		{5C6FB54E-ED06-4727-8C57-875EC747E1A5}.Release|Any CPU.Build.0 = Release|Any CPU
		{5C6FB54E-ED06-4727-8C57-875EC747E1A5}.Release|x64.ActiveCfg = Release|Any CPU
		{5C6FB54E-ED06-4727-8C57-875EC747E1A5}.Release|x64.Build.0 = Release|Any CPU
		{5C6FB54E-ED06-4727-8C57-875EC747E1A5}.Release|x86.ActiveCfg = Release|Any CPU
		{5C6FB54E-ED06-4727-8C57-875EC747E1A5}.Release|x86.Build.0 = Release|Any CPU
		{3ED0E7D4-AA4E-4CF0-8F8D-A59E3CC08EC9}.Debug|Any CPU.ActiveCfg = Debug|Any CPU
		{3ED0E7D4-AA4E-4CF0-8F8D-A59E3CC08EC9}.Debug|Any CPU.Build.0 = Debug|Any CPU
		{3ED0E7D4-AA4E-4CF0-8F8D-A59E3CC08EC9}.Debug|x64.ActiveCfg = Debug|Any CPU
		{3ED0E7D4-AA4E-4CF0-8F8D-A59E3CC08EC9}.Debug|x64.Build.0 = Debug|Any CPU
		{3ED0E7D4-AA4E-4CF0-8F8D-A59E3CC08EC9}.Debug|x86.ActiveCfg = Debug|Any CPU
		{3ED0E7D4-AA4E-4CF0-8F8D-A59E3CC08EC9}.Debug|x86.Build.0 = Debug|Any CPU
		{3ED0E7D4-AA4E-4CF0-8F8D-A59E3CC08EC9}.Release|Any CPU.ActiveCfg = Release|Any CPU
		{3ED0E7D4-AA4E-4CF0-8F8D-A59E3CC08EC9}.Release|Any CPU.Build.0 = Release|Any CPU
		{3ED0E7D4-AA4E-4CF0-8F8D-A59E3CC08EC9}.Release|x64.ActiveCfg = Release|Any CPU
		{3ED0E7D4-AA4E-4CF0-8F8D-A59E3CC08EC9}.Release|x64.Build.0 = Release|Any CPU
		{3ED0E7D4-AA4E-4CF0-8F8D-A59E3CC08EC9}.Release|x86.ActiveCfg = Release|Any CPU
		{3ED0E7D4-AA4E-4CF0-8F8D-A59E3CC08EC9}.Release|x86.Build.0 = Release|Any CPU
		{195FD873-34F4-4D80-9360-7D6A6C2BB69D}.Debug|Any CPU.ActiveCfg = Debug|Any CPU
		{195FD873-34F4-4D80-9360-7D6A6C2BB69D}.Debug|Any CPU.Build.0 = Debug|Any CPU
		{195FD873-34F4-4D80-9360-7D6A6C2BB69D}.Debug|x64.ActiveCfg = Debug|Any CPU
		{195FD873-34F4-4D80-9360-7D6A6C2BB69D}.Debug|x64.Build.0 = Debug|Any CPU
		{195FD873-34F4-4D80-9360-7D6A6C2BB69D}.Debug|x86.ActiveCfg = Debug|Any CPU
		{195FD873-34F4-4D80-9360-7D6A6C2BB69D}.Debug|x86.Build.0 = Debug|Any CPU
		{195FD873-34F4-4D80-9360-7D6A6C2BB69D}.Release|Any CPU.ActiveCfg = Release|Any CPU
		{195FD873-34F4-4D80-9360-7D6A6C2BB69D}.Release|Any CPU.Build.0 = Release|Any CPU
		{195FD873-34F4-4D80-9360-7D6A6C2BB69D}.Release|x64.ActiveCfg = Release|Any CPU
		{195FD873-34F4-4D80-9360-7D6A6C2BB69D}.Release|x64.Build.0 = Release|Any CPU
		{195FD873-34F4-4D80-9360-7D6A6C2BB69D}.Release|x86.ActiveCfg = Release|Any CPU
		{195FD873-34F4-4D80-9360-7D6A6C2BB69D}.Release|x86.Build.0 = Release|Any CPU
		{A17AD151-16CF-416E-9135-5130C8AA57F9}.Debug|Any CPU.ActiveCfg = Debug|Any CPU
		{A17AD151-16CF-416E-9135-5130C8AA57F9}.Debug|Any CPU.Build.0 = Debug|Any CPU
		{A17AD151-16CF-416E-9135-5130C8AA57F9}.Debug|x64.ActiveCfg = Debug|Any CPU
		{A17AD151-16CF-416E-9135-5130C8AA57F9}.Debug|x64.Build.0 = Debug|Any CPU
		{A17AD151-16CF-416E-9135-5130C8AA57F9}.Debug|x86.ActiveCfg = Debug|Any CPU
		{A17AD151-16CF-416E-9135-5130C8AA57F9}.Debug|x86.Build.0 = Debug|Any CPU
		{A17AD151-16CF-416E-9135-5130C8AA57F9}.Release|Any CPU.ActiveCfg = Release|Any CPU
		{A17AD151-16CF-416E-9135-5130C8AA57F9}.Release|Any CPU.Build.0 = Release|Any CPU
		{A17AD151-16CF-416E-9135-5130C8AA57F9}.Release|x64.ActiveCfg = Release|Any CPU
		{A17AD151-16CF-416E-9135-5130C8AA57F9}.Release|x64.Build.0 = Release|Any CPU
		{A17AD151-16CF-416E-9135-5130C8AA57F9}.Release|x86.ActiveCfg = Release|Any CPU
		{A17AD151-16CF-416E-9135-5130C8AA57F9}.Release|x86.Build.0 = Release|Any CPU
		{80B8A9E7-9B12-4CEA-8139-FD91A1815396}.Debug|Any CPU.ActiveCfg = Debug|Any CPU
		{80B8A9E7-9B12-4CEA-8139-FD91A1815396}.Debug|Any CPU.Build.0 = Debug|Any CPU
		{80B8A9E7-9B12-4CEA-8139-FD91A1815396}.Debug|x64.ActiveCfg = Debug|Any CPU
		{80B8A9E7-9B12-4CEA-8139-FD91A1815396}.Debug|x64.Build.0 = Debug|Any CPU
		{80B8A9E7-9B12-4CEA-8139-FD91A1815396}.Debug|x86.ActiveCfg = Debug|Any CPU
		{80B8A9E7-9B12-4CEA-8139-FD91A1815396}.Debug|x86.Build.0 = Debug|Any CPU
		{80B8A9E7-9B12-4CEA-8139-FD91A1815396}.Release|Any CPU.ActiveCfg = Release|Any CPU
		{80B8A9E7-9B12-4CEA-8139-FD91A1815396}.Release|Any CPU.Build.0 = Release|Any CPU
		{80B8A9E7-9B12-4CEA-8139-FD91A1815396}.Release|x64.ActiveCfg = Release|Any CPU
		{80B8A9E7-9B12-4CEA-8139-FD91A1815396}.Release|x64.Build.0 = Release|Any CPU
		{80B8A9E7-9B12-4CEA-8139-FD91A1815396}.Release|x86.ActiveCfg = Release|Any CPU
		{80B8A9E7-9B12-4CEA-8139-FD91A1815396}.Release|x86.Build.0 = Release|Any CPU
		{9B5E32F7-22EE-4CCA-A52B-5B2A2F278D3D}.Debug|Any CPU.ActiveCfg = Debug|Any CPU
		{9B5E32F7-22EE-4CCA-A52B-5B2A2F278D3D}.Debug|Any CPU.Build.0 = Debug|Any CPU
		{9B5E32F7-22EE-4CCA-A52B-5B2A2F278D3D}.Debug|x64.ActiveCfg = Debug|Any CPU
		{9B5E32F7-22EE-4CCA-A52B-5B2A2F278D3D}.Debug|x64.Build.0 = Debug|Any CPU
		{9B5E32F7-22EE-4CCA-A52B-5B2A2F278D3D}.Debug|x86.ActiveCfg = Debug|Any CPU
		{9B5E32F7-22EE-4CCA-A52B-5B2A2F278D3D}.Debug|x86.Build.0 = Debug|Any CPU
		{9B5E32F7-22EE-4CCA-A52B-5B2A2F278D3D}.Release|Any CPU.ActiveCfg = Release|Any CPU
		{9B5E32F7-22EE-4CCA-A52B-5B2A2F278D3D}.Release|Any CPU.Build.0 = Release|Any CPU
		{9B5E32F7-22EE-4CCA-A52B-5B2A2F278D3D}.Release|x64.ActiveCfg = Release|Any CPU
		{9B5E32F7-22EE-4CCA-A52B-5B2A2F278D3D}.Release|x64.Build.0 = Release|Any CPU
		{9B5E32F7-22EE-4CCA-A52B-5B2A2F278D3D}.Release|x86.ActiveCfg = Release|Any CPU
		{9B5E32F7-22EE-4CCA-A52B-5B2A2F278D3D}.Release|x86.Build.0 = Release|Any CPU
	EndGlobalSection
	GlobalSection(SolutionProperties) = preSolution
		HideSolutionNode = FALSE
	EndGlobalSection
	GlobalSection(NestedProjects) = preSolution
		{5C6FB54E-ED06-4727-8C57-875EC747E1A5} = {827E0CD3-B72D-47B6-A68D-7590B98EB39B}
		{3ED0E7D4-AA4E-4CF0-8F8D-A59E3CC08EC9} = {827E0CD3-B72D-47B6-A68D-7590B98EB39B}
		{195FD873-34F4-4D80-9360-7D6A6C2BB69D} = {827E0CD3-B72D-47B6-A68D-7590B98EB39B}
		{A17AD151-16CF-416E-9135-5130C8AA57F9} = {827E0CD3-B72D-47B6-A68D-7590B98EB39B}
		{80B8A9E7-9B12-4CEA-8139-FD91A1815396} = {0AB3BF05-4346-4AA6-1389-037BE0695223}
		{9B5E32F7-22EE-4CCA-A52B-5B2A2F278D3D} = {827E0CD3-B72D-47B6-A68D-7590B98EB39B}
	EndGlobalSection
EndGlobal
